
Microsoft Visual Studio Solution File, Format Version 12.00
# Visual Studio Express 2012 for Windows Desktop
Project("{FAE04EC0-301F-11D3-BF4B-00C04F79EFBC}") = "SandBox_ImageProc", "SandBox_ImageProc\SandBox_ImageProc.csproj", "{1A908C21-74B8-47A3-BF8D-E1E7BA872BB2}"
EndProject
Project("{8BC9CEB8-8B4A-11D0-8D11-00A0C91BC942}") = "OpenCVSample", "OpenCVSample\OpenCVSample.vcxproj", "{BE19E2C5-1030-46E5-9765-6254A97A9F88}"
EndProject
Project("{FAE04EC0-301F-11D3-BF4B-00C04F79EFBC}") = "DepthCompositionSample", "DepthCompositionSample\DepthCompositionSample.csproj", "{8F87790F-E290-496A-9534-1860CADFBAE3}"
EndProject
Global
	GlobalSection(SolutionConfigurationPlatforms) = preSolution
		Debug|Any CPU = Debug|Any CPU
		Debug|Mixed Platforms = Debug|Mixed Platforms
		Debug|Win32 = Debug|Win32
		Debug|x64 = Debug|x64
		Debug|x86 = Debug|x86
		Release|Any CPU = Release|Any CPU
		Release|Mixed Platforms = Release|Mixed Platforms
		Release|Win32 = Release|Win32
		Release|x64 = Release|x64
		Release|x86 = Release|x86
	EndGlobalSection
	GlobalSection(ProjectConfigurationPlatforms) = postSolution
		{1A908C21-74B8-47A3-BF8D-E1E7BA872BB2}.Debug|Any CPU.ActiveCfg = Debug|Any CPU
		{1A908C21-74B8-47A3-BF8D-E1E7BA872BB2}.Debug|Any CPU.Build.0 = Debug|Any CPU
		{1A908C21-74B8-47A3-BF8D-E1E7BA872BB2}.Debug|Mixed Platforms.ActiveCfg = Debug|Any CPU
		{1A908C21-74B8-47A3-BF8D-E1E7BA872BB2}.Debug|Mixed Platforms.Build.0 = Debug|Any CPU
		{1A908C21-74B8-47A3-BF8D-E1E7BA872BB2}.Debug|Win32.ActiveCfg = Debug|Any CPU
		{1A908C21-74B8-47A3-BF8D-E1E7BA872BB2}.Debug|x64.ActiveCfg = Debug|Any CPU
		{1A908C21-74B8-47A3-BF8D-E1E7BA872BB2}.Debug|x86.ActiveCfg = Debug|x86
		{1A908C21-74B8-47A3-BF8D-E1E7BA872BB2}.Debug|x86.Build.0 = Debug|x86
		{1A908C21-74B8-47A3-BF8D-E1E7BA872BB2}.Release|Any CPU.ActiveCfg = Release|Any CPU
		{1A908C21-74B8-47A3-BF8D-E1E7BA872BB2}.Release|Any CPU.Build.0 = Release|Any CPU
		{1A908C21-74B8-47A3-BF8D-E1E7BA872BB2}.Release|Mixed Platforms.ActiveCfg = Release|Any CPU
		{1A908C21-74B8-47A3-BF8D-E1E7BA872BB2}.Release|Mixed Platforms.Build.0 = Release|Any CPU
		{1A908C21-74B8-47A3-BF8D-E1E7BA872BB2}.Release|Win32.ActiveCfg = Release|Any CPU
		{1A908C21-74B8-47A3-BF8D-E1E7BA872BB2}.Release|x64.ActiveCfg = Release|Any CPU
		{1A908C21-74B8-47A3-BF8D-E1E7BA872BB2}.Release|x86.ActiveCfg = Release|x86
		{1A908C21-74B8-47A3-BF8D-E1E7BA872BB2}.Release|x86.Build.0 = Release|x86
		{BE19E2C5-1030-46E5-9765-6254A97A9F88}.Debug|Any CPU.ActiveCfg = Debug|Win32
		{BE19E2C5-1030-46E5-9765-6254A97A9F88}.Debug|Mixed Platforms.ActiveCfg = Debug|Win32
		{BE19E2C5-1030-46E5-9765-6254A97A9F88}.Debug|Mixed Platforms.Build.0 = Debug|Win32
		{BE19E2C5-1030-46E5-9765-6254A97A9F88}.Debug|Win32.ActiveCfg = Debug|Win32
		{BE19E2C5-1030-46E5-9765-6254A97A9F88}.Debug|Win32.Build.0 = Debug|Win32
		{BE19E2C5-1030-46E5-9765-6254A97A9F88}.Debug|x64.ActiveCfg = Debug|Win32
		{BE19E2C5-1030-46E5-9765-6254A97A9F88}.Debug|x86.ActiveCfg = Debug|Win32
		{BE19E2C5-1030-46E5-9765-6254A97A9F88}.Release|Any CPU.ActiveCfg = Release|Win32
		{BE19E2C5-1030-46E5-9765-6254A97A9F88}.Release|Mixed Platforms.ActiveCfg = Release|Win32
		{BE19E2C5-1030-46E5-9765-6254A97A9F88}.Release|Mixed Platforms.Build.0 = Release|Win32
		{BE19E2C5-1030-46E5-9765-6254A97A9F88}.Release|Win32.ActiveCfg = Release|Win32
		{BE19E2C5-1030-46E5-9765-6254A97A9F88}.Release|Win32.Build.0 = Release|Win32
		{BE19E2C5-1030-46E5-9765-6254A97A9F88}.Release|x64.ActiveCfg = Release|Win32
		{BE19E2C5-1030-46E5-9765-6254A97A9F88}.Release|x86.ActiveCfg = Release|Win32
		{8F87790F-E290-496A-9534-1860CADFBAE3}.Debug|Any CPU.ActiveCfg = Debug|Any CPU
		{8F87790F-E290-496A-9534-1860CADFBAE3}.Debug|Any CPU.Build.0 = Debug|Any CPU
		{8F87790F-E290-496A-9534-1860CADFBAE3}.Debug|Mixed Platforms.ActiveCfg = Debug|Any CPU
		{8F87790F-E290-496A-9534-1860CADFBAE3}.Debug|Mixed Platforms.Build.0 = Debug|Any CPU
		{8F87790F-E290-496A-9534-1860CADFBAE3}.Debug|Win32.ActiveCfg = Debug|Any CPU
		{8F87790F-E290-496A-9534-1860CADFBAE3}.Debug|x64.ActiveCfg = Debug|x64
		{8F87790F-E290-496A-9534-1860CADFBAE3}.Debug|x64.Build.0 = Debug|x64
		{8F87790F-E290-496A-9534-1860CADFBAE3}.Debug|x86.ActiveCfg = Debug|Any CPU
		{8F87790F-E290-496A-9534-1860CADFBAE3}.Release|Any CPU.ActiveCfg = Release|Any CPU
		{8F87790F-E290-496A-9534-1860CADFBAE3}.Release|Any CPU.Build.0 = Release|Any CPU
		{8F87790F-E290-496A-9534-1860CADFBAE3}.Release|Mixed Platforms.ActiveCfg = Release|Any CPU
		{8F87790F-E290-496A-9534-1860CADFBAE3}.Release|Mixed Platforms.Build.0 = Release|Any CPU
		{8F87790F-E290-496A-9534-1860CADFBAE3}.Release|Win32.ActiveCfg = Release|Any CPU
		{8F87790F-E290-496A-9534-1860CADFBAE3}.Release|x64.ActiveCfg = Release|x64
		{8F87790F-E290-496A-9534-1860CADFBAE3}.Release|x64.Build.0 = Release|x64
		{8F87790F-E290-496A-9534-1860CADFBAE3}.Release|x86.ActiveCfg = Release|Any CPU
		{8F87790F-E290-496A-9534-1860CADFBAE3}.Release|x86.Build.0 = Release|Any CPU
	EndGlobalSection
	GlobalSection(SolutionProperties) = preSolution
		HideSolutionNode = FALSE
	EndGlobalSection
EndGlobal
